
Microsoft Visual Studio Solution File, Format Version 12.00
# Visual Studio 15
VisualStudioVersion = 15.0.25807.0
MinimumVisualStudioVersion = 10.0.40219.1
Project("{9A19103F-16F7-4668-BE54-9A1E7A4F7556}") = "BikeSharing.Clients.Core", "src\BikeSharing.Clients.Core\BikeSharing.Clients.Core.csproj", "{89C9B6F2-1CD6-4A98-9CCC-EEFB7DDBF6FA}"
EndProject
Project("{FAE04EC0-301F-11D3-BF4B-00C04F79EFBC}") = "BikeSharing.Clients.Windows", "src\BikeSharing.Clients.Windows\BikeSharing.Clients.Windows.csproj", "{90AF39CC-2364-47DF-B798-A512BF6842D8}"
EndProject
Project("{D954291E-2A0B-460D-934E-DC6B0785DB48}") = "BikeSharing.Client.Shared", "src\BikeSharing.Client.Shared\BikeSharing.Client.Shared.shproj", "{31F3B999-B5AB-421B-92EE-299AC747C276}"
EndProject
Project("{9A19103F-16F7-4668-BE54-9A1E7A4F7556}") = "BikeSharing.Clients.WASM", "src\BikeSharing.Clients.WASM\BikeSharing.Clients.WASM.csproj", "{2E988FAA-83F4-4FB2-804B-270CC9DB5967}"
EndProject
Project("{FAE04EC0-301F-11D3-BF4B-00C04F79EFBC}") = "BikeSharing.Clients.iOS", "src\BikeSharing.Clients.Uno.iOS\BikeSharing.Clients.iOS.csproj", "{80A96B52-6758-4BDB-B0B4-CEA4CA155C60}"
EndProject
Project("{FAE04EC0-301F-11D3-BF4B-00C04F79EFBC}") = "BikeSharing.Clients.Droid", "src\BikeSharing.Clients.Uno.Droid\BikeSharing.Clients.Droid.csproj", "{E6E78D61-DB93-4D4A-9F5E-5E877DFF611B}"
EndProject
Global
	GlobalSection(SharedMSBuildProjectFiles) = preSolution
		src\BikeSharing.Client.Shared\BikeSharing.Client.Shared.projitems*{31f3b999-b5ab-421b-92ee-299ac747c276}*SharedItemsImports = 13
		src\BikeSharing.Client.Shared\BikeSharing.Client.Shared.projitems*{80a96b52-6758-4bdb-b0b4-cea4ca155c60}*SharedItemsImports = 4
		src\BikeSharing.Client.Shared\BikeSharing.Client.Shared.projitems*{90af39cc-2364-47df-b798-a512bf6842d8}*SharedItemsImports = 4
		src\BikeSharing.Client.Shared\BikeSharing.Client.Shared.projitems*{e6e78d61-db93-4d4a-9f5e-5e877dff611b}*SharedItemsImports = 4
	EndGlobalSection
	GlobalSection(SolutionConfigurationPlatforms) = preSolution
		Debug|Any CPU = Debug|Any CPU
		Debug|iPhone = Debug|iPhone
		Debug|iPhoneSimulator = Debug|iPhoneSimulator
		Release|Any CPU = Release|Any CPU
		Release|iPhone = Release|iPhone
		Release|iPhoneSimulator = Release|iPhoneSimulator
	EndGlobalSection
	GlobalSection(ProjectConfigurationPlatforms) = postSolution
		{89C9B6F2-1CD6-4A98-9CCC-EEFB7DDBF6FA}.Debug|Any CPU.ActiveCfg = Debug|Any CPU
		{89C9B6F2-1CD6-4A98-9CCC-EEFB7DDBF6FA}.Debug|Any CPU.Build.0 = Debug|Any CPU
		{89C9B6F2-1CD6-4A98-9CCC-EEFB7DDBF6FA}.Debug|iPhone.ActiveCfg = Debug|Any CPU
		{89C9B6F2-1CD6-4A98-9CCC-EEFB7DDBF6FA}.Debug|iPhone.Build.0 = Debug|Any CPU
		{89C9B6F2-1CD6-4A98-9CCC-EEFB7DDBF6FA}.Debug|iPhoneSimulator.ActiveCfg = Debug|Any CPU
		{89C9B6F2-1CD6-4A98-9CCC-EEFB7DDBF6FA}.Debug|iPhoneSimulator.Build.0 = Debug|Any CPU
		{89C9B6F2-1CD6-4A98-9CCC-EEFB7DDBF6FA}.Release|Any CPU.ActiveCfg = Release|Any CPU
		{89C9B6F2-1CD6-4A98-9CCC-EEFB7DDBF6FA}.Release|Any CPU.Build.0 = Release|Any CPU
		{89C9B6F2-1CD6-4A98-9CCC-EEFB7DDBF6FA}.Release|iPhone.ActiveCfg = Release|Any CPU
		{89C9B6F2-1CD6-4A98-9CCC-EEFB7DDBF6FA}.Release|iPhone.Build.0 = Release|Any CPU
		{89C9B6F2-1CD6-4A98-9CCC-EEFB7DDBF6FA}.Release|iPhoneSimulator.ActiveCfg = Release|Any CPU
		{89C9B6F2-1CD6-4A98-9CCC-EEFB7DDBF6FA}.Release|iPhoneSimulator.Build.0 = Release|Any CPU
		{90AF39CC-2364-47DF-B798-A512BF6842D8}.Debug|Any CPU.ActiveCfg = Debug|x86
		{90AF39CC-2364-47DF-B798-A512BF6842D8}.Debug|iPhone.ActiveCfg = Debug|x86
		{90AF39CC-2364-47DF-B798-A512BF6842D8}.Debug|iPhoneSimulator.ActiveCfg = Debug|x86
		{90AF39CC-2364-47DF-B798-A512BF6842D8}.Release|Any CPU.ActiveCfg = Release|x86
		{90AF39CC-2364-47DF-B798-A512BF6842D8}.Release|iPhone.ActiveCfg = Release|x86
		{90AF39CC-2364-47DF-B798-A512BF6842D8}.Release|iPhoneSimulator.ActiveCfg = Release|x86
		{2E988FAA-83F4-4FB2-804B-270CC9DB5967}.Debug|Any CPU.ActiveCfg = Debug|Any CPU
		{2E988FAA-83F4-4FB2-804B-270CC9DB5967}.Debug|Any CPU.Build.0 = Debug|Any CPU
		{2E988FAA-83F4-4FB2-804B-270CC9DB5967}.Debug|iPhone.ActiveCfg = Debug|Any CPU
		{2E988FAA-83F4-4FB2-804B-270CC9DB5967}.Debug|iPhone.Build.0 = Debug|Any CPU
		{2E988FAA-83F4-4FB2-804B-270CC9DB5967}.Debug|iPhoneSimulator.ActiveCfg = Debug|Any CPU
		{2E988FAA-83F4-4FB2-804B-270CC9DB5967}.Debug|iPhoneSimulator.Build.0 = Debug|Any CPU
		{2E988FAA-83F4-4FB2-804B-270CC9DB5967}.Release|Any CPU.ActiveCfg = Release|Any CPU
		{2E988FAA-83F4-4FB2-804B-270CC9DB5967}.Release|Any CPU.Build.0 = Release|Any CPU
		{2E988FAA-83F4-4FB2-804B-270CC9DB5967}.Release|iPhone.ActiveCfg = Release|Any CPU
		{2E988FAA-83F4-4FB2-804B-270CC9DB5967}.Release|iPhone.Build.0 = Release|Any CPU
		{2E988FAA-83F4-4FB2-804B-270CC9DB5967}.Release|iPhoneSimulator.ActiveCfg = Release|Any CPU
		{2E988FAA-83F4-4FB2-804B-270CC9DB5967}.Release|iPhoneSimulator.Build.0 = Release|Any CPU
		{80A96B52-6758-4BDB-B0B4-CEA4CA155C60}.Debug|Any CPU.ActiveCfg = Debug|iPhone
		{80A96B52-6758-4BDB-B0B4-CEA4CA155C60}.Debug|iPhone.ActiveCfg = Debug|iPhone
		{80A96B52-6758-4BDB-B0B4-CEA4CA155C60}.Debug|iPhone.Build.0 = Debug|iPhone
		{80A96B52-6758-4BDB-B0B4-CEA4CA155C60}.Debug|iPhoneSimulator.ActiveCfg = Debug|iPhoneSimulator
		{80A96B52-6758-4BDB-B0B4-CEA4CA155C60}.Debug|iPhoneSimulator.Build.0 = Debug|iPhoneSimulator
		{80A96B52-6758-4BDB-B0B4-CEA4CA155C60}.Release|Any CPU.ActiveCfg = Release|iPhone
		{80A96B52-6758-4BDB-B0B4-CEA4CA155C60}.Release|iPhone.ActiveCfg = Release|iPhone
		{80A96B52-6758-4BDB-B0B4-CEA4CA155C60}.Release|iPhone.Build.0 = Release|iPhone
		{80A96B52-6758-4BDB-B0B4-CEA4CA155C60}.Release|iPhoneSimulator.ActiveCfg = Release|iPhoneSimulator
		{80A96B52-6758-4BDB-B0B4-CEA4CA155C60}.Release|iPhoneSimulator.Build.0 = Release|iPhoneSimulator
		{E6E78D61-DB93-4D4A-9F5E-5E877DFF611B}.Debug|Any CPU.ActiveCfg = Debug|Any CPU
		{E6E78D61-DB93-4D4A-9F5E-5E877DFF611B}.Debug|Any CPU.Build.0 = Debug|Any CPU
		{E6E78D61-DB93-4D4A-9F5E-5E877DFF611B}.Debug|Any CPU.Deploy.0 = Debug|Any CPU
		{E6E78D61-DB93-4D4A-9F5E-5E877DFF611B}.Debug|iPhone.ActiveCfg = Debug|Any CPU
		{E6E78D61-DB93-4D4A-9F5E-5E877DFF611B}.Debug|iPhone.Build.0 = Debug|Any CPU
		{E6E78D61-DB93-4D4A-9F5E-5E877DFF611B}.Debug|iPhone.Deploy.0 = Debug|Any CPU
		{E6E78D61-DB93-4D4A-9F5E-5E877DFF611B}.Debug|iPhoneSimulator.ActiveCfg = Debug|Any CPU
		{E6E78D61-DB93-4D4A-9F5E-5E877DFF611B}.Debug|iPhoneSimulator.Build.0 = Debug|Any CPU
		{E6E78D61-DB93-4D4A-9F5E-5E877DFF611B}.Debug|iPhoneSimulator.Deploy.0 = Debug|Any CPU
		{E6E78D61-DB93-4D4A-9F5E-5E877DFF611B}.Release|Any CPU.ActiveCfg = Release|Any CPU
		{E6E78D61-DB93-4D4A-9F5E-5E877DFF611B}.Release|Any CPU.Build.0 = Release|Any CPU
		{E6E78D61-DB93-4D4A-9F5E-5E877DFF611B}.Release|Any CPU.Deploy.0 = Release|Any CPU
		{E6E78D61-DB93-4D4A-9F5E-5E877DFF611B}.Release|iPhone.ActiveCfg = Release|Any CPU
		{E6E78D61-DB93-4D4A-9F5E-5E877DFF611B}.Release|iPhone.Build.0 = Release|Any CPU
		{E6E78D61-DB93-4D4A-9F5E-5E877DFF611B}.Release|iPhone.Deploy.0 = Release|Any CPU
		{E6E78D61-DB93-4D4A-9F5E-5E877DFF611B}.Release|iPhoneSimulator.ActiveCfg = Release|Any CPU
		{E6E78D61-DB93-4D4A-9F5E-5E877DFF611B}.Release|iPhoneSimulator.Build.0 = Release|Any CPU
		{E6E78D61-DB93-4D4A-9F5E-5E877DFF611B}.Release|iPhoneSimulator.Deploy.0 = Release|Any CPU
	EndGlobalSection
	GlobalSection(SolutionProperties) = preSolution
		HideSolutionNode = FALSE
	EndGlobalSection
	GlobalSection(ExtensibilityGlobals) = postSolution
		SolutionGuid = {618D56FC-AE78-41BF-9EE0-207FC010627C}
	EndGlobalSection
EndGlobal
